
Microsoft Visual Studio Solution File, Format Version 12.00
# Visual Studio 15
VisualStudioVersion = 15.0.26430.4
MinimumVisualStudioVersion = 10.0.40219.1
Project("{FAE04EC0-301F-11D3-BF4B-00C04F79EFBC}") = "ClientApp", "ClientApp.csproj", "{DB14FBB1-A374-49AE-9057-87B0AD159324}"
EndProject
Project("{FAE04EC0-301F-11D3-BF4B-00C04F79EFBC}") = "Microsoft.ConsoleHelper", "..\Microsoft.ConsoleHelper\Microsoft.ConsoleHelper.csproj", "{2BEBA84B-4404-4858-A056-EE42FC43E84C}"
EndProject
Global
	GlobalSection(SolutionConfigurationPlatforms) = preSolution
		Debug|Any CPU = Debug|Any CPU
		Release|Any CPU = Release|Any CPU
	EndGlobalSection
	GlobalSection(ProjectConfigurationPlatforms) = postSolution
		{DB14FBB1-A374-49AE-9057-87B0AD159324}.Debug|Any CPU.ActiveCfg = Debug|Any CPU
		{DB14FBB1-A374-49AE-9057-87B0AD159324}.Debug|Any CPU.Build.0 = Debug|Any CPU
		{DB14FBB1-A374-49AE-9057-87B0AD159324}.Release|Any CPU.ActiveCfg = Release|Any CPU
		{DB14FBB1-A374-49AE-9057-87B0AD159324}.Release|Any CPU.Build.0 = Release|Any CPU
		{2BEBA84B-4404-4858-A056-EE42FC43E84C}.Debug|Any CPU.ActiveCfg = Debug|Any CPU
		{2BEBA84B-4404-4858-A056-EE42FC43E84C}.Debug|Any CPU.Build.0 = Debug|Any CPU
		{2BEBA84B-4404-4858-A056-EE42FC43E84C}.Release|Any CPU.ActiveCfg = Release|Any CPU
		{2BEBA84B-4404-4858-A056-EE42FC43E84C}.Release|Any CPU.Build.0 = Release|Any CPU
	EndGlobalSection
	GlobalSection(SolutionProperties) = preSolution
		HideSolutionNode = FALSE
	EndGlobalSection
EndGlobal
