
Microsoft Visual Studio Solution File, Format Version 12.00
# Visual Studio 15
VisualStudioVersion = 15.0.26430.6
MinimumVisualStudioVersion = 10.0.40219.1
Project("{A07B5EB6-E848-4116-A8D0-A826331D98C6}") = "FrontEnd", "FrontEnd\FrontEnd.sfproj", "{7D5A98FF-ED77-468D-9687-3C843F4867BD}"
EndProject
Project("{FAE04EC0-301F-11D3-BF4B-00C04F79EFBC}") = "Administration", "Administration\Administration.csproj", "{D03A8F08-1E43-42D1-8C27-ABAA35179F28}"
EndProject
Project("{FAE04EC0-301F-11D3-BF4B-00C04F79EFBC}") = "RequestRouterService", "RequestRouter\RequestRouterService.csproj", "{21826476-5320-44F2-AE0E-B12E9060E39E}"
EndProject
Project("{2150E333-8FDC-42A3-9474-1A3956D46DE8}") = "Front End Application", "Front End Application", "{F2483589-300C-4889-8FF7-4857D37E8AA8}"
EndProject
Project("{2150E333-8FDC-42A3-9474-1A3956D46DE8}") = "Tenant Application", "Tenant Application", "{07CC9061-3035-4667-A3CC-94529F7A18FE}"
EndProject
Project("{A07B5EB6-E848-4116-A8D0-A826331D98C6}") = "TenantApplication", "TenantApplication\TenantApplication.sfproj", "{0D11B48E-C7B3-4E8E-8DF5-FF7415ED90E0}"
EndProject
Project("{FAE04EC0-301F-11D3-BF4B-00C04F79EFBC}") = "AdminService", "AdminService\AdminService.csproj", "{B2307155-7BD0-499C-8CFC-72B276B79A9B}"
EndProject
Project("{FAE04EC0-301F-11D3-BF4B-00C04F79EFBC}") = "TopicService", "TopicService\TopicService.csproj", "{63A7A410-63B5-4F78-BAEA-84E5F56A7E01}"
EndProject
Project("{FAE04EC0-301F-11D3-BF4B-00C04F79EFBC}") = "SubscriberService", "SubscriberService\SubscriberService.csproj", "{86CAD58C-FBFA-403A-93FF-02EF3AEEF261}"
EndProject
Project("{2150E333-8FDC-42A3-9474-1A3956D46DE8}") = "Test Client App", "Test Client App", "{E6E372A8-51E0-4684-B48B-AB5F3C071198}"
EndProject
Project("{FAE04EC0-301F-11D3-BF4B-00C04F79EFBC}") = "ClientApp", "ClientApp\ClientApp\ClientApp.csproj", "{DB14FBB1-A374-49AE-9057-87B0AD159324}"
EndProject
Project("{2150E333-8FDC-42A3-9474-1A3956D46DE8}") = "Tests", "Tests", "{ABDE009C-7837-4B1D-BE58-AED5E7E64FD9}"
EndProject
Project("{FAE04EC0-301F-11D3-BF4B-00C04F79EFBC}") = "AdminServiceTestClient", "AdminServiceTestClient\AdminServiceTestClient.csproj", "{B37E5750-732E-45D1-ADBF-0B172DC28344}"
EndProject
Project("{FAE04EC0-301F-11D3-BF4B-00C04F79EFBC}") = "Microsoft.ConsoleHelper", "ClientApp\Microsoft.ConsoleHelper\Microsoft.ConsoleHelper.csproj", "{2BEBA84B-4404-4858-A056-EE42FC43E84C}"
EndProject
Global
	GlobalSection(SolutionConfigurationPlatforms) = preSolution
		Debug|Any CPU = Debug|Any CPU
		Debug|x64 = Debug|x64
		Release|Any CPU = Release|Any CPU
		Release|x64 = Release|x64
	EndGlobalSection
	GlobalSection(ProjectConfigurationPlatforms) = postSolution
		{7D5A98FF-ED77-468D-9687-3C843F4867BD}.Debug|Any CPU.ActiveCfg = Debug|x64
		{7D5A98FF-ED77-468D-9687-3C843F4867BD}.Debug|Any CPU.Build.0 = Debug|x64
		{7D5A98FF-ED77-468D-9687-3C843F4867BD}.Debug|x64.ActiveCfg = Debug|x64
		{7D5A98FF-ED77-468D-9687-3C843F4867BD}.Debug|x64.Build.0 = Debug|x64
		{7D5A98FF-ED77-468D-9687-3C843F4867BD}.Debug|x64.Deploy.0 = Debug|x64
		{7D5A98FF-ED77-468D-9687-3C843F4867BD}.Release|Any CPU.ActiveCfg = Release|x64
		{7D5A98FF-ED77-468D-9687-3C843F4867BD}.Release|x64.ActiveCfg = Release|x64
		{7D5A98FF-ED77-468D-9687-3C843F4867BD}.Release|x64.Build.0 = Release|x64
		{7D5A98FF-ED77-468D-9687-3C843F4867BD}.Release|x64.Deploy.0 = Release|x64
		{D03A8F08-1E43-42D1-8C27-ABAA35179F28}.Debug|Any CPU.ActiveCfg = Debug|x64
		{D03A8F08-1E43-42D1-8C27-ABAA35179F28}.Debug|Any CPU.Build.0 = Debug|x64
		{D03A8F08-1E43-42D1-8C27-ABAA35179F28}.Debug|x64.ActiveCfg = Debug|x64
		{D03A8F08-1E43-42D1-8C27-ABAA35179F28}.Debug|x64.Build.0 = Debug|x64
		{D03A8F08-1E43-42D1-8C27-ABAA35179F28}.Release|Any CPU.ActiveCfg = Release|x64
		{D03A8F08-1E43-42D1-8C27-ABAA35179F28}.Release|x64.ActiveCfg = Release|x64
		{D03A8F08-1E43-42D1-8C27-ABAA35179F28}.Release|x64.Build.0 = Release|x64
		{21826476-5320-44F2-AE0E-B12E9060E39E}.Debug|Any CPU.ActiveCfg = Debug|x64
		{21826476-5320-44F2-AE0E-B12E9060E39E}.Debug|Any CPU.Build.0 = Debug|x64
		{21826476-5320-44F2-AE0E-B12E9060E39E}.Debug|x64.ActiveCfg = Debug|x64
		{21826476-5320-44F2-AE0E-B12E9060E39E}.Debug|x64.Build.0 = Debug|x64
		{21826476-5320-44F2-AE0E-B12E9060E39E}.Release|Any CPU.ActiveCfg = Release|x64
		{21826476-5320-44F2-AE0E-B12E9060E39E}.Release|x64.ActiveCfg = Release|x64
		{21826476-5320-44F2-AE0E-B12E9060E39E}.Release|x64.Build.0 = Release|x64
		{0D11B48E-C7B3-4E8E-8DF5-FF7415ED90E0}.Debug|Any CPU.ActiveCfg = Debug|x64
		{0D11B48E-C7B3-4E8E-8DF5-FF7415ED90E0}.Debug|Any CPU.Build.0 = Debug|x64
		{0D11B48E-C7B3-4E8E-8DF5-FF7415ED90E0}.Debug|Any CPU.Deploy.0 = Debug|x64
		{0D11B48E-C7B3-4E8E-8DF5-FF7415ED90E0}.Debug|x64.ActiveCfg = Debug|x64
		{0D11B48E-C7B3-4E8E-8DF5-FF7415ED90E0}.Debug|x64.Build.0 = Debug|x64
		{0D11B48E-C7B3-4E8E-8DF5-FF7415ED90E0}.Debug|x64.Deploy.0 = Debug|x64
		{0D11B48E-C7B3-4E8E-8DF5-FF7415ED90E0}.Release|Any CPU.ActiveCfg = Release|x64
		{0D11B48E-C7B3-4E8E-8DF5-FF7415ED90E0}.Release|x64.ActiveCfg = Release|x64
		{0D11B48E-C7B3-4E8E-8DF5-FF7415ED90E0}.Release|x64.Build.0 = Release|x64
		{0D11B48E-C7B3-4E8E-8DF5-FF7415ED90E0}.Release|x64.Deploy.0 = Release|x64
		{B2307155-7BD0-499C-8CFC-72B276B79A9B}.Debug|Any CPU.ActiveCfg = Debug|x64
		{B2307155-7BD0-499C-8CFC-72B276B79A9B}.Debug|Any CPU.Build.0 = Debug|x64
		{B2307155-7BD0-499C-8CFC-72B276B79A9B}.Debug|x64.ActiveCfg = Debug|x64
		{B2307155-7BD0-499C-8CFC-72B276B79A9B}.Debug|x64.Build.0 = Debug|x64
		{B2307155-7BD0-499C-8CFC-72B276B79A9B}.Release|Any CPU.ActiveCfg = Release|x64
		{B2307155-7BD0-499C-8CFC-72B276B79A9B}.Release|x64.ActiveCfg = Release|x64
		{B2307155-7BD0-499C-8CFC-72B276B79A9B}.Release|x64.Build.0 = Release|x64
		{63A7A410-63B5-4F78-BAEA-84E5F56A7E01}.Debug|Any CPU.ActiveCfg = Debug|x64
		{63A7A410-63B5-4F78-BAEA-84E5F56A7E01}.Debug|Any CPU.Build.0 = Debug|x64
		{63A7A410-63B5-4F78-BAEA-84E5F56A7E01}.Debug|x64.ActiveCfg = Debug|x64
		{63A7A410-63B5-4F78-BAEA-84E5F56A7E01}.Debug|x64.Build.0 = Debug|x64
		{63A7A410-63B5-4F78-BAEA-84E5F56A7E01}.Release|Any CPU.ActiveCfg = Release|x64
		{63A7A410-63B5-4F78-BAEA-84E5F56A7E01}.Release|x64.ActiveCfg = Release|x64
		{63A7A410-63B5-4F78-BAEA-84E5F56A7E01}.Release|x64.Build.0 = Release|x64
		{86CAD58C-FBFA-403A-93FF-02EF3AEEF261}.Debug|Any CPU.ActiveCfg = Debug|x64
		{86CAD58C-FBFA-403A-93FF-02EF3AEEF261}.Debug|Any CPU.Build.0 = Debug|x64
		{86CAD58C-FBFA-403A-93FF-02EF3AEEF261}.Debug|x64.ActiveCfg = Debug|x64
		{86CAD58C-FBFA-403A-93FF-02EF3AEEF261}.Debug|x64.Build.0 = Debug|x64
		{86CAD58C-FBFA-403A-93FF-02EF3AEEF261}.Release|Any CPU.ActiveCfg = Release|x64
		{86CAD58C-FBFA-403A-93FF-02EF3AEEF261}.Release|x64.ActiveCfg = Release|x64
		{86CAD58C-FBFA-403A-93FF-02EF3AEEF261}.Release|x64.Build.0 = Release|x64
		{DB14FBB1-A374-49AE-9057-87B0AD159324}.Debug|Any CPU.ActiveCfg = Debug|Any CPU
		{DB14FBB1-A374-49AE-9057-87B0AD159324}.Debug|Any CPU.Build.0 = Debug|Any CPU
		{DB14FBB1-A374-49AE-9057-87B0AD159324}.Debug|x64.ActiveCfg = Debug|Any CPU
		{DB14FBB1-A374-49AE-9057-87B0AD159324}.Debug|x64.Build.0 = Debug|Any CPU
		{DB14FBB1-A374-49AE-9057-87B0AD159324}.Release|Any CPU.ActiveCfg = Release|Any CPU
		{DB14FBB1-A374-49AE-9057-87B0AD159324}.Release|Any CPU.Build.0 = Release|Any CPU
		{DB14FBB1-A374-49AE-9057-87B0AD159324}.Release|x64.ActiveCfg = Release|Any CPU
		{DB14FBB1-A374-49AE-9057-87B0AD159324}.Release|x64.Build.0 = Release|Any CPU
		{B37E5750-732E-45D1-ADBF-0B172DC28344}.Debug|Any CPU.ActiveCfg = Debug|x64
		{B37E5750-732E-45D1-ADBF-0B172DC28344}.Debug|Any CPU.Build.0 = Debug|x64
		{B37E5750-732E-45D1-ADBF-0B172DC28344}.Debug|x64.ActiveCfg = Debug|x64
		{B37E5750-732E-45D1-ADBF-0B172DC28344}.Debug|x64.Build.0 = Debug|x64
		{B37E5750-732E-45D1-ADBF-0B172DC28344}.Debug|x64.Deploy.0 = Debug|x64
		{B37E5750-732E-45D1-ADBF-0B172DC28344}.Release|Any CPU.ActiveCfg = Release|Any CPU
		{B37E5750-732E-45D1-ADBF-0B172DC28344}.Release|Any CPU.Build.0 = Release|Any CPU
		{B37E5750-732E-45D1-ADBF-0B172DC28344}.Release|x64.ActiveCfg = Release|Any CPU
		{B37E5750-732E-45D1-ADBF-0B172DC28344}.Release|x64.Build.0 = Release|Any CPU
		{2BEBA84B-4404-4858-A056-EE42FC43E84C}.Debug|Any CPU.ActiveCfg = Debug|Any CPU
		{2BEBA84B-4404-4858-A056-EE42FC43E84C}.Debug|Any CPU.Build.0 = Debug|Any CPU
		{2BEBA84B-4404-4858-A056-EE42FC43E84C}.Debug|x64.ActiveCfg = Debug|Any CPU
		{2BEBA84B-4404-4858-A056-EE42FC43E84C}.Debug|x64.Build.0 = Debug|Any CPU
		{2BEBA84B-4404-4858-A056-EE42FC43E84C}.Release|Any CPU.ActiveCfg = Release|Any CPU
		{2BEBA84B-4404-4858-A056-EE42FC43E84C}.Release|Any CPU.Build.0 = Release|Any CPU
		{2BEBA84B-4404-4858-A056-EE42FC43E84C}.Release|x64.ActiveCfg = Release|Any CPU
		{2BEBA84B-4404-4858-A056-EE42FC43E84C}.Release|x64.Build.0 = Release|Any CPU
	EndGlobalSection
	GlobalSection(SolutionProperties) = preSolution
		HideSolutionNode = FALSE
	EndGlobalSection
	GlobalSection(NestedProjects) = preSolution
		{7D5A98FF-ED77-468D-9687-3C843F4867BD} = {F2483589-300C-4889-8FF7-4857D37E8AA8}
		{D03A8F08-1E43-42D1-8C27-ABAA35179F28} = {F2483589-300C-4889-8FF7-4857D37E8AA8}
		{21826476-5320-44F2-AE0E-B12E9060E39E} = {F2483589-300C-4889-8FF7-4857D37E8AA8}
		{0D11B48E-C7B3-4E8E-8DF5-FF7415ED90E0} = {07CC9061-3035-4667-A3CC-94529F7A18FE}
		{B2307155-7BD0-499C-8CFC-72B276B79A9B} = {07CC9061-3035-4667-A3CC-94529F7A18FE}
		{63A7A410-63B5-4F78-BAEA-84E5F56A7E01} = {07CC9061-3035-4667-A3CC-94529F7A18FE}
		{86CAD58C-FBFA-403A-93FF-02EF3AEEF261} = {07CC9061-3035-4667-A3CC-94529F7A18FE}
		{DB14FBB1-A374-49AE-9057-87B0AD159324} = {E6E372A8-51E0-4684-B48B-AB5F3C071198}
		{ABDE009C-7837-4B1D-BE58-AED5E7E64FD9} = {07CC9061-3035-4667-A3CC-94529F7A18FE}
		{B37E5750-732E-45D1-ADBF-0B172DC28344} = {ABDE009C-7837-4B1D-BE58-AED5E7E64FD9}
		{2BEBA84B-4404-4858-A056-EE42FC43E84C} = {E6E372A8-51E0-4684-B48B-AB5F3C071198}
	EndGlobalSection
EndGlobal
